
Microsoft Visual Studio Solution File, Format Version 12.00
# Visual Studio Version 16
VisualStudioVersion = 16.0.30011.22
MinimumVisualStudioVersion = 10.0.40219.1
Project("{9A19103F-16F7-4668-BE54-9A1E7A4F7556}") = "TH-Static-Property", "TH-Static-Property\TH-Static-Property.csproj", "{E4D92651-A9A2-45FB-8DB2-23DD0863A638}"
EndProject
Project("{FAE04EC0-301F-11D3-BF4B-00C04F79EFBC}") = "Static-Method", "Static-Method\Static-Method.csproj", "{6CB63A46-F902-440F-B1EE-75536B720A8A}"
EndProject
Project("{FAE04EC0-301F-11D3-BF4B-00C04F79EFBC}") = "Class-Student", "Class-Student\Class-Student.csproj", "{6CED8980-5AC2-4972-92D6-A6D27558DFBD}"
EndProject
Global
	GlobalSection(SolutionConfigurationPlatforms) = preSolution
		Debug|Any CPU = Debug|Any CPU
		Release|Any CPU = Release|Any CPU
	EndGlobalSection
	GlobalSection(ProjectConfigurationPlatforms) = postSolution
		{E4D92651-A9A2-45FB-8DB2-23DD0863A638}.Debug|Any CPU.ActiveCfg = Debug|Any CPU
		{E4D92651-A9A2-45FB-8DB2-23DD0863A638}.Debug|Any CPU.Build.0 = Debug|Any CPU
		{E4D92651-A9A2-45FB-8DB2-23DD0863A638}.Release|Any CPU.ActiveCfg = Release|Any CPU
		{E4D92651-A9A2-45FB-8DB2-23DD0863A638}.Release|Any CPU.Build.0 = Release|Any CPU
		{6CB63A46-F902-440F-B1EE-75536B720A8A}.Debug|Any CPU.ActiveCfg = Debug|Any CPU
		{6CB63A46-F902-440F-B1EE-75536B720A8A}.Debug|Any CPU.Build.0 = Debug|Any CPU
		{6CB63A46-F902-440F-B1EE-75536B720A8A}.Release|Any CPU.ActiveCfg = Release|Any CPU
		{6CB63A46-F902-440F-B1EE-75536B720A8A}.Release|Any CPU.Build.0 = Release|Any CPU
		{6CED8980-5AC2-4972-92D6-A6D27558DFBD}.Debug|Any CPU.ActiveCfg = Debug|Any CPU
		{6CED8980-5AC2-4972-92D6-A6D27558DFBD}.Debug|Any CPU.Build.0 = Debug|Any CPU
		{6CED8980-5AC2-4972-92D6-A6D27558DFBD}.Release|Any CPU.ActiveCfg = Release|Any CPU
		{6CED8980-5AC2-4972-92D6-A6D27558DFBD}.Release|Any CPU.Build.0 = Release|Any CPU
	EndGlobalSection
	GlobalSection(SolutionProperties) = preSolution
		HideSolutionNode = FALSE
	EndGlobalSection
	GlobalSection(ExtensibilityGlobals) = postSolution
		SolutionGuid = {D6C7C525-9F89-495F-ABE1-63B1C084971C}
	EndGlobalSection
EndGlobal
