
Microsoft Visual Studio Solution File, Format Version 12.00
# Visual Studio Version 16
VisualStudioVersion = 16.0.30104.148
MinimumVisualStudioVersion = 10.0.40219.1
Project("{9A19103F-16F7-4668-BE54-9A1E7A4F7556}") = "Test3", "Test3\Test3.csproj", "{AA285153-2DDF-48FF-B357-E6B373EF199B}"
EndProject
Project("{9A19103F-16F7-4668-BE54-9A1E7A4F7556}") = "ListTest", "ListTest\ListTest.csproj", "{C2A4DF6D-B86C-4FE1-9D47-DB8D81283DBD}"
EndProject
Project("{FAE04EC0-301F-11D3-BF4B-00C04F79EFBC}") = "Test5", "Test5\Test5.csproj", "{6CCFCD2E-3286-4BF2-979B-B49475AD8FCF}"
EndProject
Project("{FAE04EC0-301F-11D3-BF4B-00C04F79EFBC}") = "NUnitTest5", "NUnitTest5\NUnitTest5.csproj", "{381537E9-D4E6-4C28-8EA6-944C5FE9355F}"
EndProject
Project("{FAE04EC0-301F-11D3-BF4B-00C04F79EFBC}") = "ForumManagement", "ForumManagement\ForumManagement.csproj", "{A3DBBBD6-14DF-443E-B1F8-68AB3634142D}"
EndProject
Global
	GlobalSection(SolutionConfigurationPlatforms) = preSolution
		Debug|Any CPU = Debug|Any CPU
		Release|Any CPU = Release|Any CPU
	EndGlobalSection
	GlobalSection(ProjectConfigurationPlatforms) = postSolution
		{AA285153-2DDF-48FF-B357-E6B373EF199B}.Debug|Any CPU.ActiveCfg = Debug|Any CPU
		{AA285153-2DDF-48FF-B357-E6B373EF199B}.Debug|Any CPU.Build.0 = Debug|Any CPU
		{AA285153-2DDF-48FF-B357-E6B373EF199B}.Release|Any CPU.ActiveCfg = Release|Any CPU
		{AA285153-2DDF-48FF-B357-E6B373EF199B}.Release|Any CPU.Build.0 = Release|Any CPU
		{C2A4DF6D-B86C-4FE1-9D47-DB8D81283DBD}.Debug|Any CPU.ActiveCfg = Debug|Any CPU
		{C2A4DF6D-B86C-4FE1-9D47-DB8D81283DBD}.Debug|Any CPU.Build.0 = Debug|Any CPU
		{C2A4DF6D-B86C-4FE1-9D47-DB8D81283DBD}.Release|Any CPU.ActiveCfg = Release|Any CPU
		{C2A4DF6D-B86C-4FE1-9D47-DB8D81283DBD}.Release|Any CPU.Build.0 = Release|Any CPU
		{6CCFCD2E-3286-4BF2-979B-B49475AD8FCF}.Debug|Any CPU.ActiveCfg = Debug|Any CPU
		{6CCFCD2E-3286-4BF2-979B-B49475AD8FCF}.Debug|Any CPU.Build.0 = Debug|Any CPU
		{6CCFCD2E-3286-4BF2-979B-B49475AD8FCF}.Release|Any CPU.ActiveCfg = Release|Any CPU
		{6CCFCD2E-3286-4BF2-979B-B49475AD8FCF}.Release|Any CPU.Build.0 = Release|Any CPU
		{381537E9-D4E6-4C28-8EA6-944C5FE9355F}.Debug|Any CPU.ActiveCfg = Debug|Any CPU
		{381537E9-D4E6-4C28-8EA6-944C5FE9355F}.Debug|Any CPU.Build.0 = Debug|Any CPU
		{381537E9-D4E6-4C28-8EA6-944C5FE9355F}.Release|Any CPU.ActiveCfg = Release|Any CPU
		{381537E9-D4E6-4C28-8EA6-944C5FE9355F}.Release|Any CPU.Build.0 = Release|Any CPU
		{A3DBBBD6-14DF-443E-B1F8-68AB3634142D}.Debug|Any CPU.ActiveCfg = Debug|Any CPU
		{A3DBBBD6-14DF-443E-B1F8-68AB3634142D}.Debug|Any CPU.Build.0 = Debug|Any CPU
		{A3DBBBD6-14DF-443E-B1F8-68AB3634142D}.Release|Any CPU.ActiveCfg = Release|Any CPU
		{A3DBBBD6-14DF-443E-B1F8-68AB3634142D}.Release|Any CPU.Build.0 = Release|Any CPU
	EndGlobalSection
	GlobalSection(SolutionProperties) = preSolution
		HideSolutionNode = FALSE
	EndGlobalSection
	GlobalSection(ExtensibilityGlobals) = postSolution
		SolutionGuid = {DA1846B8-9913-42C9-8AD8-D548A0DF4834}
	EndGlobalSection
EndGlobal
